// !$*UTF8*$!
{
	archiveVersion = 1;
	classes = {
	};
	objectVersion = 50;
	objects = {

/* Begin PBXBuildFile section */
		2BE9FCACDE42D7CB8134032B /* Pods_Kakao_iTunes.framework in Frameworks */ = {isa = PBXBuildFile; fileRef = 17330B97E73D95588A1A0314 /* Pods_Kakao_iTunes.framework */; };
		C433516E20B79E7400B32EB1 /* AppDelegate.swift in Sources */ = {isa = PBXBuildFile; fileRef = C433516D20B79E7400B32EB1 /* AppDelegate.swift */; };
		C433517320B79E7400B32EB1 /* Main.storyboard in Resources */ = {isa = PBXBuildFile; fileRef = C433517120B79E7400B32EB1 /* Main.storyboard */; };
		C433517620B79E7400B32EB1 /* Kakao_iTunes.xcdatamodeld in Sources */ = {isa = PBXBuildFile; fileRef = C433517420B79E7400B32EB1 /* Kakao_iTunes.xcdatamodeld */; };
		C433517820B79E7500B32EB1 /* Assets.xcassets in Resources */ = {isa = PBXBuildFile; fileRef = C433517720B79E7500B32EB1 /* Assets.xcassets */; };
		C433517B20B79E7500B32EB1 /* LaunchScreen.storyboard in Resources */ = {isa = PBXBuildFile; fileRef = C433517920B79E7500B32EB1 /* LaunchScreen.storyboard */; };
		C433518420B7CAF200B32EB1 /* MainViewController.swift in Sources */ = {isa = PBXBuildFile; fileRef = C433518320B7CAF200B32EB1 /* MainViewController.swift */; };
		C433518620B7CB5A00B32EB1 /* BaseViewController.swift in Sources */ = {isa = PBXBuildFile; fileRef = C433518520B7CB5A00B32EB1 /* BaseViewController.swift */; };
		C433518D20B7DC2F00B32EB1 /* NetworkPopup.swift in Sources */ = {isa = PBXBuildFile; fileRef = C433518B20B7DC2F00B32EB1 /* NetworkPopup.swift */; };
		C433518E20B7DC2F00B32EB1 /* NetworkPopup.xib in Resources */ = {isa = PBXBuildFile; fileRef = C433518C20B7DC2F00B32EB1 /* NetworkPopup.xib */; };
		C433519020B7DC9300B32EB1 /* AppDataManager.swift in Sources */ = {isa = PBXBuildFile; fileRef = C433518F20B7DC9300B32EB1 /* AppDataManager.swift */; };
		C433519220B7DE3300B32EB1 /* SplashViewController.swift in Sources */ = {isa = PBXBuildFile; fileRef = C433519120B7DE3300B32EB1 /* SplashViewController.swift */; };
		C433519420B7FF8A00B32EB1 /* ImageCacheManager.swift in Sources */ = {isa = PBXBuildFile; fileRef = C433519320B7FF8A00B32EB1 /* ImageCacheManager.swift */; };
		C441CF0320BD936100CF3ED9 /* ReviewCell.swift in Sources */ = {isa = PBXBuildFile; fileRef = C441CF0120BD936100CF3ED9 /* ReviewCell.swift */; };
		C441CF0420BD936100CF3ED9 /* ReviewCell.xib in Resources */ = {isa = PBXBuildFile; fileRef = C441CF0220BD936100CF3ED9 /* ReviewCell.xib */; };
		C441CF0620BD940900CF3ED9 /* ReviewData.swift in Sources */ = {isa = PBXBuildFile; fileRef = C441CF0520BD940900CF3ED9 /* ReviewData.swift */; };
		C441CF0A20BD9CAE00CF3ED9 /* ReviewView.swift in Sources */ = {isa = PBXBuildFile; fileRef = C441CF0920BD9CAE00CF3ED9 /* ReviewView.swift */; };
		C441CF0C20BD9CB600CF3ED9 /* ReviewView.xib in Resources */ = {isa = PBXBuildFile; fileRef = C441CF0B20BD9CB600CF3ED9 /* ReviewView.xib */; };
		C459640120BAA768005598C9 /* DetailViewController.swift in Sources */ = {isa = PBXBuildFile; fileRef = C459640020BAA768005598C9 /* DetailViewController.swift */; };
		C459640320BAB3B9005598C9 /* ApplicationData.swift in Sources */ = {isa = PBXBuildFile; fileRef = C459640220BAB3B9005598C9 /* ApplicationData.swift */; };
		C487E98520BB8F7600469AC4 /* ExpandableCell.swift in Sources */ = {isa = PBXBuildFile; fileRef = C487E98320BB8F7600469AC4 /* ExpandableCell.swift */; };
		C487E98620BB8F7600469AC4 /* ExpandableCell.xib in Resources */ = {isa = PBXBuildFile; fileRef = C487E98420BB8F7600469AC4 /* ExpandableCell.xib */; };
		C487E98820BBAC8000469AC4 /* UrlTagImageView.swift in Sources */ = {isa = PBXBuildFile; fileRef = C487E98720BBAC8000469AC4 /* UrlTagImageView.swift */; };
		C487E99120BBE32200469AC4 /* DetailCell.swift in Sources */ = {isa = PBXBuildFile; fileRef = C487E99020BBE32200469AC4 /* DetailCell.swift */; };
		C487E99820BBE8E000469AC4 /* HeadInfoCell.swift in Sources */ = {isa = PBXBuildFile; fileRef = C487E99620BBE8E000469AC4 /* HeadInfoCell.swift */; };
		C487E99920BBE8E000469AC4 /* HeadInfoCell.xib in Resources */ = {isa = PBXBuildFile; fileRef = C487E99720BBE8E000469AC4 /* HeadInfoCell.xib */; };
		C4DAA78920BCE41B00082E90 /* LookUpData.swift in Sources */ = {isa = PBXBuildFile; fileRef = C4DAA78820BCE41B00082E90 /* LookUpData.swift */; };
		C4DAA79120BCFF1800082E90 /* ReleaseNotesCell.swift in Sources */ = {isa = PBXBuildFile; fileRef = C4DAA78F20BCFF1800082E90 /* ReleaseNotesCell.swift */; };
		C4DAA79220BCFF1800082E90 /* ReleaseNotesCell.xib in Resources */ = {isa = PBXBuildFile; fileRef = C4DAA79020BCFF1800082E90 /* ReleaseNotesCell.xib */; };
		C4DAA79520BD285A00082E90 /* PreviewCell.swift in Sources */ = {isa = PBXBuildFile; fileRef = C4DAA79320BD285A00082E90 /* PreviewCell.swift */; };
		C4DAA79620BD285A00082E90 /* PreviewCell.xib in Resources */ = {isa = PBXBuildFile; fileRef = C4DAA79420BD285A00082E90 /* PreviewCell.xib */; };
		C4DAA79920BD3CEB00082E90 /* DescriptionCell.swift in Sources */ = {isa = PBXBuildFile; fileRef = C4DAA79720BD3CEB00082E90 /* DescriptionCell.swift */; };
		C4DAA79A20BD3CEB00082E90 /* DescriptionCell.xib in Resources */ = {isa = PBXBuildFile; fileRef = C4DAA79820BD3CEB00082E90 /* DescriptionCell.xib */; };
/* End PBXBuildFile section */

/* Begin PBXFileReference section */
		17330B97E73D95588A1A0314 /* Pods_Kakao_iTunes.framework */ = {isa = PBXFileReference; explicitFileType = wrapper.framework; includeInIndex = 0; path = Pods_Kakao_iTunes.framework; sourceTree = BUILT_PRODUCTS_DIR; };
		A0A9D1475D8AEB91EFAF4C17 /* Pods-Kakao&iTunes.debug.xcconfig */ = {isa = PBXFileReference; includeInIndex = 1; lastKnownFileType = text.xcconfig; name = "Pods-Kakao&iTunes.debug.xcconfig"; path = "Pods/Target Support Files/Pods-Kakao&iTunes/Pods-Kakao&iTunes.debug.xcconfig"; sourceTree = "<group>"; };
		BCEAF06E18895EC2568D1E08 /* Pods-Kakao&iTunes.release.xcconfig */ = {isa = PBXFileReference; includeInIndex = 1; lastKnownFileType = text.xcconfig; name = "Pods-Kakao&iTunes.release.xcconfig"; path = "Pods/Target Support Files/Pods-Kakao&iTunes/Pods-Kakao&iTunes.release.xcconfig"; sourceTree = "<group>"; };
		C433516A20B79E7400B32EB1 /* Kakao&iTunes.app */ = {isa = PBXFileReference; explicitFileType = wrapper.application; includeInIndex = 0; path = "Kakao&iTunes.app"; sourceTree = BUILT_PRODUCTS_DIR; };
		C433516D20B79E7400B32EB1 /* AppDelegate.swift */ = {isa = PBXFileReference; lastKnownFileType = sourcecode.swift; path = AppDelegate.swift; sourceTree = "<group>"; };
		C433517220B79E7400B32EB1 /* Base */ = {isa = PBXFileReference; lastKnownFileType = file.storyboard; name = Base; path = Base.lproj/Main.storyboard; sourceTree = "<group>"; };
		C433517520B79E7400B32EB1 /* Kakao_iTunes.xcdatamodel */ = {isa = PBXFileReference; lastKnownFileType = wrapper.xcdatamodel; path = Kakao_iTunes.xcdatamodel; sourceTree = "<group>"; };
		C433517720B79E7500B32EB1 /* Assets.xcassets */ = {isa = PBXFileReference; lastKnownFileType = folder.assetcatalog; path = Assets.xcassets; sourceTree = "<group>"; };
		C433517A20B79E7500B32EB1 /* Base */ = {isa = PBXFileReference; lastKnownFileType = file.storyboard; name = Base; path = Base.lproj/LaunchScreen.storyboard; sourceTree = "<group>"; };
		C433517C20B79E7500B32EB1 /* Info.plist */ = {isa = PBXFileReference; lastKnownFileType = text.plist.xml; path = Info.plist; sourceTree = "<group>"; };
		C433518320B7CAF200B32EB1 /* MainViewController.swift */ = {isa = PBXFileReference; fileEncoding = 4; lastKnownFileType = sourcecode.swift; path = MainViewController.swift; sourceTree = "<group>"; };
		C433518520B7CB5A00B32EB1 /* BaseViewController.swift */ = {isa = PBXFileReference; lastKnownFileType = sourcecode.swift; path = BaseViewController.swift; sourceTree = "<group>"; };
		C433518B20B7DC2F00B32EB1 /* NetworkPopup.swift */ = {isa = PBXFileReference; fileEncoding = 4; lastKnownFileType = sourcecode.swift; path = NetworkPopup.swift; sourceTree = "<group>"; };
		C433518C20B7DC2F00B32EB1 /* NetworkPopup.xib */ = {isa = PBXFileReference; fileEncoding = 4; lastKnownFileType = file.xib; path = NetworkPopup.xib; sourceTree = "<group>"; };
		C433518F20B7DC9300B32EB1 /* AppDataManager.swift */ = {isa = PBXFileReference; lastKnownFileType = sourcecode.swift; path = AppDataManager.swift; sourceTree = "<group>"; };
		C433519120B7DE3300B32EB1 /* SplashViewController.swift */ = {isa = PBXFileReference; lastKnownFileType = sourcecode.swift; path = SplashViewController.swift; sourceTree = "<group>"; };
		C433519320B7FF8A00B32EB1 /* ImageCacheManager.swift */ = {isa = PBXFileReference; lastKnownFileType = sourcecode.swift; path = ImageCacheManager.swift; sourceTree = "<group>"; };
		C441CF0120BD936100CF3ED9 /* ReviewCell.swift */ = {isa = PBXFileReference; lastKnownFileType = sourcecode.swift; path = ReviewCell.swift; sourceTree = "<group>"; };
		C441CF0220BD936100CF3ED9 /* ReviewCell.xib */ = {isa = PBXFileReference; lastKnownFileType = file.xib; path = ReviewCell.xib; sourceTree = "<group>"; };
		C441CF0520BD940900CF3ED9 /* ReviewData.swift */ = {isa = PBXFileReference; lastKnownFileType = sourcecode.swift; path = ReviewData.swift; sourceTree = "<group>"; };
		C441CF0920BD9CAE00CF3ED9 /* ReviewView.swift */ = {isa = PBXFileReference; lastKnownFileType = sourcecode.swift; path = ReviewView.swift; sourceTree = "<group>"; };
		C441CF0B20BD9CB600CF3ED9 /* ReviewView.xib */ = {isa = PBXFileReference; lastKnownFileType = file.xib; path = ReviewView.xib; sourceTree = "<group>"; };
		C459640020BAA768005598C9 /* DetailViewController.swift */ = {isa = PBXFileReference; lastKnownFileType = sourcecode.swift; path = DetailViewController.swift; sourceTree = "<group>"; };
		C459640220BAB3B9005598C9 /* ApplicationData.swift */ = {isa = PBXFileReference; lastKnownFileType = sourcecode.swift; path = ApplicationData.swift; sourceTree = "<group>"; };
		C487E98320BB8F7600469AC4 /* ExpandableCell.swift */ = {isa = PBXFileReference; lastKnownFileType = sourcecode.swift; path = ExpandableCell.swift; sourceTree = "<group>"; };
		C487E98420BB8F7600469AC4 /* ExpandableCell.xib */ = {isa = PBXFileReference; lastKnownFileType = file.xib; path = ExpandableCell.xib; sourceTree = "<group>"; };
		C487E98720BBAC8000469AC4 /* UrlTagImageView.swift */ = {isa = PBXFileReference; lastKnownFileType = sourcecode.swift; path = UrlTagImageView.swift; sourceTree = "<group>"; };
		C487E99020BBE32200469AC4 /* DetailCell.swift */ = {isa = PBXFileReference; lastKnownFileType = sourcecode.swift; path = DetailCell.swift; sourceTree = "<group>"; };
		C487E99620BBE8E000469AC4 /* HeadInfoCell.swift */ = {isa = PBXFileReference; lastKnownFileType = sourcecode.swift; path = HeadInfoCell.swift; sourceTree = "<group>"; };
		C487E99720BBE8E000469AC4 /* HeadInfoCell.xib */ = {isa = PBXFileReference; lastKnownFileType = file.xib; path = HeadInfoCell.xib; sourceTree = "<group>"; };
		C4DAA78820BCE41B00082E90 /* LookUpData.swift */ = {isa = PBXFileReference; lastKnownFileType = sourcecode.swift; path = LookUpData.swift; sourceTree = "<group>"; };
		C4DAA78F20BCFF1800082E90 /* ReleaseNotesCell.swift */ = {isa = PBXFileReference; lastKnownFileType = sourcecode.swift; path = ReleaseNotesCell.swift; sourceTree = "<group>"; };
		C4DAA79020BCFF1800082E90 /* ReleaseNotesCell.xib */ = {isa = PBXFileReference; lastKnownFileType = file.xib; path = ReleaseNotesCell.xib; sourceTree = "<group>"; };
		C4DAA79320BD285A00082E90 /* PreviewCell.swift */ = {isa = PBXFileReference; lastKnownFileType = sourcecode.swift; path = PreviewCell.swift; sourceTree = "<group>"; };
		C4DAA79420BD285A00082E90 /* PreviewCell.xib */ = {isa = PBXFileReference; lastKnownFileType = file.xib; path = PreviewCell.xib; sourceTree = "<group>"; };
		C4DAA79720BD3CEB00082E90 /* DescriptionCell.swift */ = {isa = PBXFileReference; lastKnownFileType = sourcecode.swift; path = DescriptionCell.swift; sourceTree = "<group>"; };
		C4DAA79820BD3CEB00082E90 /* DescriptionCell.xib */ = {isa = PBXFileReference; lastKnownFileType = file.xib; path = DescriptionCell.xib; sourceTree = "<group>"; };
/* End PBXFileReference section */

/* Begin PBXFrameworksBuildPhase section */
		C433516720B79E7400B32EB1 /* Frameworks */ = {
			isa = PBXFrameworksBuildPhase;
			buildActionMask = 2147483647;
			files = (
				2BE9FCACDE42D7CB8134032B /* Pods_Kakao_iTunes.framework in Frameworks */,
			);
			runOnlyForDeploymentPostprocessing = 0;
		};
/* End PBXFrameworksBuildPhase section */

/* Begin PBXGroup section */
		7899E5492EC100331364849F /* Frameworks */ = {
			isa = PBXGroup;
			children = (
				17330B97E73D95588A1A0314 /* Pods_Kakao_iTunes.framework */,
			);
			name = Frameworks;
			sourceTree = "<group>";
		};
		A6B071E5CAC12A71185507E7 /* Pods */ = {
			isa = PBXGroup;
			children = (
				A0A9D1475D8AEB91EFAF4C17 /* Pods-Kakao&iTunes.debug.xcconfig */,
				BCEAF06E18895EC2568D1E08 /* Pods-Kakao&iTunes.release.xcconfig */,
			);
			name = Pods;
			sourceTree = "<group>";
		};
		C433516120B79E7400B32EB1 = {
			isa = PBXGroup;
			children = (
				C433516C20B79E7400B32EB1 /* Kakao&iTunes */,
				C433516B20B79E7400B32EB1 /* Products */,
				A6B071E5CAC12A71185507E7 /* Pods */,
				7899E5492EC100331364849F /* Frameworks */,
			);
			sourceTree = "<group>";
		};
		C433516B20B79E7400B32EB1 /* Products */ = {
			isa = PBXGroup;
			children = (
				C433516A20B79E7400B32EB1 /* Kakao&iTunes.app */,
			);
			name = Products;
			sourceTree = "<group>";
		};
		C433516C20B79E7400B32EB1 /* Kakao&iTunes */ = {
			isa = PBXGroup;
			children = (
				C433518920B7DC2F00B32EB1 /* CustomView */,
				C433518820B7CB9000B32EB1 /* Data */,
				C433518720B7CB7500B32EB1 /* Manager */,
				C433518220B7CAF200B32EB1 /* ViewController */,
				C433516D20B79E7400B32EB1 /* AppDelegate.swift */,
				C433517120B79E7400B32EB1 /* Main.storyboard */,
				C433517720B79E7500B32EB1 /* Assets.xcassets */,
				C433517920B79E7500B32EB1 /* LaunchScreen.storyboard */,
				C433517C20B79E7500B32EB1 /* Info.plist */,
				C433517420B79E7400B32EB1 /* Kakao_iTunes.xcdatamodeld */,
			);
			path = "Kakao&iTunes";
			sourceTree = "<group>";
		};
		C433518220B7CAF200B32EB1 /* ViewController */ = {
			isa = PBXGroup;
			children = (
				C433518520B7CB5A00B32EB1 /* BaseViewController.swift */,
				C433519120B7DE3300B32EB1 /* SplashViewController.swift */,
				C433518320B7CAF200B32EB1 /* MainViewController.swift */,
				C459640020BAA768005598C9 /* DetailViewController.swift */,
			);
			path = ViewController;
			sourceTree = "<group>";
		};
		C433518720B7CB7500B32EB1 /* Manager */ = {
			isa = PBXGroup;
			children = (
				C433518F20B7DC9300B32EB1 /* AppDataManager.swift */,
				C433519320B7FF8A00B32EB1 /* ImageCacheManager.swift */,
			);
			path = Manager;
			sourceTree = "<group>";
		};
		C433518820B7CB9000B32EB1 /* Data */ = {
			isa = PBXGroup;
			children = (
				C459640220BAB3B9005598C9 /* ApplicationData.swift */,
				C4DAA78820BCE41B00082E90 /* LookUpData.swift */,
				C441CF0520BD940900CF3ED9 /* ReviewData.swift */,
			);
			path = Data;
			sourceTree = "<group>";
		};
		C433518920B7DC2F00B32EB1 /* CustomView */ = {
			isa = PBXGroup;
			children = (
				C487E98920BBE31000469AC4 /* DetailViewCell */,
				C487E98220BB8F6A00469AC4 /* ExpandableCell */,
				C433518A20B7DC2F00B32EB1 /* NetworkPopup */,
				C487E98720BBAC8000469AC4 /* UrlTagImageView.swift */,
			);
			path = CustomView;
			sourceTree = "<group>";
		};
		C433518A20B7DC2F00B32EB1 /* NetworkPopup */ = {
			isa = PBXGroup;
			children = (
				C433518B20B7DC2F00B32EB1 /* NetworkPopup.swift */,
				C433518C20B7DC2F00B32EB1 /* NetworkPopup.xib */,
			);
			path = NetworkPopup;
			sourceTree = "<group>";
		};
		C487E98220BB8F6A00469AC4 /* ExpandableCell */ = {
			isa = PBXGroup;
			children = (
				C487E98320BB8F7600469AC4 /* ExpandableCell.swift */,
				C487E98420BB8F7600469AC4 /* ExpandableCell.xib */,
			);
			path = ExpandableCell;
			sourceTree = "<group>";
		};
		C487E98920BBE31000469AC4 /* DetailViewCell */ = {
			isa = PBXGroup;
			children = (
				C487E98F20BBE31000469AC4 /* HeadInfoCell */,
				C4DAA78E20BCFF0B00082E90 /* ReleaseNotesCell */,
				C487E98E20BBE31000469AC4 /* PreviewCell */,
				C487E98B20BBE31000469AC4 /* DescriptionCell */,
				C487E98C20BBE31000469AC4 /* ReviewCell */,
				C487E99020BBE32200469AC4 /* DetailCell.swift */,
			);
			path = DetailViewCell;
			sourceTree = "<group>";
		};
		C487E98B20BBE31000469AC4 /* DescriptionCell */ = {
			isa = PBXGroup;
			children = (
				C4DAA79720BD3CEB00082E90 /* DescriptionCell.swift */,
				C4DAA79820BD3CEB00082E90 /* DescriptionCell.xib */,
			);
			path = DescriptionCell;
			sourceTree = "<group>";
		};
		C487E98C20BBE31000469AC4 /* ReviewCell */ = {
			isa = PBXGroup;
			children = (
				C441CF0120BD936100CF3ED9 /* ReviewCell.swift */,
				C441CF0220BD936100CF3ED9 /* ReviewCell.xib */,
				C441CF0920BD9CAE00CF3ED9 /* ReviewView.swift */,
				C441CF0B20BD9CB600CF3ED9 /* ReviewView.xib */,
			);
			path = ReviewCell;
			sourceTree = "<group>";
		};
		C487E98E20BBE31000469AC4 /* PreviewCell */ = {
			isa = PBXGroup;
			children = (
				C4DAA79320BD285A00082E90 /* PreviewCell.swift */,
				C4DAA79420BD285A00082E90 /* PreviewCell.xib */,
			);
			path = PreviewCell;
			sourceTree = "<group>";
		};
		C487E98F20BBE31000469AC4 /* HeadInfoCell */ = {
			isa = PBXGroup;
			children = (
				C487E99620BBE8E000469AC4 /* HeadInfoCell.swift */,
				C487E99720BBE8E000469AC4 /* HeadInfoCell.xib */,
			);
			path = HeadInfoCell;
			sourceTree = "<group>";
		};
		C4DAA78E20BCFF0B00082E90 /* ReleaseNotesCell */ = {
			isa = PBXGroup;
			children = (
				C4DAA78F20BCFF1800082E90 /* ReleaseNotesCell.swift */,
				C4DAA79020BCFF1800082E90 /* ReleaseNotesCell.xib */,
			);
			path = ReleaseNotesCell;
			sourceTree = "<group>";
		};
/* End PBXGroup section */

/* Begin PBXNativeTarget section */
		C433516920B79E7400B32EB1 /* Kakao&iTunes */ = {
			isa = PBXNativeTarget;
			buildConfigurationList = C433517F20B79E7500B32EB1 /* Build configuration list for PBXNativeTarget "Kakao&iTunes" */;
			buildPhases = (
				B3477149060762C0613B2FB6 /* [CP] Check Pods Manifest.lock */,
				C433516620B79E7400B32EB1 /* Sources */,
				C433516720B79E7400B32EB1 /* Frameworks */,
				C433516820B79E7400B32EB1 /* Resources */,
				07AD12D6A6C8BA05DE4B0046 /* [CP] Embed Pods Frameworks */,
			);
			buildRules = (
			);
			dependencies = (
			);
			name = "Kakao&iTunes";
			productName = "Kakao&iTunes";
			productReference = C433516A20B79E7400B32EB1 /* Kakao&iTunes.app */;
			productType = "com.apple.product-type.application";
		};
/* End PBXNativeTarget section */

/* Begin PBXProject section */
		C433516220B79E7400B32EB1 /* Project object */ = {
			isa = PBXProject;
			attributes = {
				LastSwiftUpdateCheck = 0930;
				LastUpgradeCheck = 0930;
				ORGANIZATIONNAME = wisewood;
				TargetAttributes = {
					C433516920B79E7400B32EB1 = {
						CreatedOnToolsVersion = 9.3.1;
					};
				};
			};
			buildConfigurationList = C433516520B79E7400B32EB1 /* Build configuration list for PBXProject "Kakao&iTunes" */;
			compatibilityVersion = "Xcode 9.3";
			developmentRegion = en;
			hasScannedForEncodings = 0;
			knownRegions = (
				en,
				Base,
			);
			mainGroup = C433516120B79E7400B32EB1;
			productRefGroup = C433516B20B79E7400B32EB1 /* Products */;
			projectDirPath = "";
			projectRoot = "";
			targets = (
				C433516920B79E7400B32EB1 /* Kakao&iTunes */,
			);
		};
/* End PBXProject section */

/* Begin PBXResourcesBuildPhase section */
		C433516820B79E7400B32EB1 /* Resources */ = {
			isa = PBXResourcesBuildPhase;
			buildActionMask = 2147483647;
			files = (
				C433517B20B79E7500B32EB1 /* LaunchScreen.storyboard in Resources */,
				C441CF0420BD936100CF3ED9 /* ReviewCell.xib in Resources */,
				C433517820B79E7500B32EB1 /* Assets.xcassets in Resources */,
				C4DAA79620BD285A00082E90 /* PreviewCell.xib in Resources */,
				C4DAA79220BCFF1800082E90 /* ReleaseNotesCell.xib in Resources */,
				C441CF0C20BD9CB600CF3ED9 /* ReviewView.xib in Resources */,
				C4DAA79A20BD3CEB00082E90 /* DescriptionCell.xib in Resources */,
				C433517320B79E7400B32EB1 /* Main.storyboard in Resources */,
				C487E98620BB8F7600469AC4 /* ExpandableCell.xib in Resources */,
				C433518E20B7DC2F00B32EB1 /* NetworkPopup.xib in Resources */,
				C487E99920BBE8E000469AC4 /* HeadInfoCell.xib in Resources */,
			);
			runOnlyForDeploymentPostprocessing = 0;
		};
/* End PBXResourcesBuildPhase section */

/* Begin PBXShellScriptBuildPhase section */
		07AD12D6A6C8BA05DE4B0046 /* [CP] Embed Pods Frameworks */ = {
			isa = PBXShellScriptBuildPhase;
			buildActionMask = 2147483647;
			files = (
			);
			inputPaths = (
				"${SRCROOT}/Pods/Target Support Files/Pods-Kakao&iTunes/Pods-Kakao&iTunes-frameworks.sh",
				"${BUILT_PRODUCTS_DIR}/ChameleonFramework/ChameleonFramework.framework",
				"${BUILT_PRODUCTS_DIR}/Cosmos/Cosmos.framework",
				"${BUILT_PRODUCTS_DIR}/SnapKit/SnapKit.framework",
				"${BUILT_PRODUCTS_DIR}/SwiftSpinner/SwiftSpinner.framework",
			);
			name = "[CP] Embed Pods Frameworks";
			outputPaths = (
				"${TARGET_BUILD_DIR}/${FRAMEWORKS_FOLDER_PATH}/ChameleonFramework.framework",
				"${TARGET_BUILD_DIR}/${FRAMEWORKS_FOLDER_PATH}/Cosmos.framework",
				"${TARGET_BUILD_DIR}/${FRAMEWORKS_FOLDER_PATH}/SnapKit.framework",
				"${TARGET_BUILD_DIR}/${FRAMEWORKS_FOLDER_PATH}/SwiftSpinner.framework",
			);
			runOnlyForDeploymentPostprocessing = 0;
			shellPath = /bin/sh;
			shellScript = "\"${SRCROOT}/Pods/Target Support Files/Pods-Kakao&iTunes/Pods-Kakao&iTunes-frameworks.sh\"\n";
			showEnvVarsInLog = 0;
		};
		B3477149060762C0613B2FB6 /* [CP] Check Pods Manifest.lock */ = {
			isa = PBXShellScriptBuildPhase;
			buildActionMask = 2147483647;
			files = (
			);
			inputPaths = (
				"${PODS_PODFILE_DIR_PATH}/Podfile.lock",
				"${PODS_ROOT}/Manifest.lock",
			);
			name = "[CP] Check Pods Manifest.lock";
			outputPaths = (
				"$(DERIVED_FILE_DIR)/Pods-Kakao&iTunes-checkManifestLockResult.txt",
			);
			runOnlyForDeploymentPostprocessing = 0;
			shellPath = /bin/sh;
			shellScript = "diff \"${PODS_PODFILE_DIR_PATH}/Podfile.lock\" \"${PODS_ROOT}/Manifest.lock\" > /dev/null\nif [ $? != 0 ] ; then\n    # print error to STDERR\n    echo \"error: The sandbox is not in sync with the Podfile.lock. Run 'pod install' or update your CocoaPods installation.\" >&2\n    exit 1\nfi\n# This output is used by Xcode 'outputs' to avoid re-running this script phase.\necho \"SUCCESS\" > \"${SCRIPT_OUTPUT_FILE_0}\"\n";
			showEnvVarsInLog = 0;
		};
/* End PBXShellScriptBuildPhase section */

/* Begin PBXSourcesBuildPhase section */
		C433516620B79E7400B32EB1 /* Sources */ = {
			isa = PBXSourcesBuildPhase;
			buildActionMask = 2147483647;
			files = (
				C459640320BAB3B9005598C9 /* ApplicationData.swift in Sources */,
				C459640120BAA768005598C9 /* DetailViewController.swift in Sources */,
				C4DAA79920BD3CEB00082E90 /* DescriptionCell.swift in Sources */,
				C441CF0620BD940900CF3ED9 /* ReviewData.swift in Sources */,
				C4DAA79520BD285A00082E90 /* PreviewCell.swift in Sources */,
				C487E99120BBE32200469AC4 /* DetailCell.swift in Sources */,
				C441CF0320BD936100CF3ED9 /* ReviewCell.swift in Sources */,
				C433516E20B79E7400B32EB1 /* AppDelegate.swift in Sources */,
				C4DAA78920BCE41B00082E90 /* LookUpData.swift in Sources */,
				C433518620B7CB5A00B32EB1 /* BaseViewController.swift in Sources */,
				C487E98520BB8F7600469AC4 /* ExpandableCell.swift in Sources */,
				C487E98820BBAC8000469AC4 /* UrlTagImageView.swift in Sources */,
				C433518D20B7DC2F00B32EB1 /* NetworkPopup.swift in Sources */,
				C441CF0A20BD9CAE00CF3ED9 /* ReviewView.swift in Sources */,
				C433518420B7CAF200B32EB1 /* MainViewController.swift in Sources */,
				C487E99820BBE8E000469AC4 /* HeadInfoCell.swift in Sources */,
				C4DAA79120BCFF1800082E90 /* ReleaseNotesCell.swift in Sources */,
				C433519420B7FF8A00B32EB1 /* ImageCacheManager.swift in Sources */,
				C433517620B79E7400B32EB1 /* Kakao_iTunes.xcdatamodeld in Sources */,
				C433519220B7DE3300B32EB1 /* SplashViewController.swift in Sources */,
				C433519020B7DC9300B32EB1 /* AppDataManager.swift in Sources */,
			);
			runOnlyForDeploymentPostprocessing = 0;
		};
/* End PBXSourcesBuildPhase section */

/* Begin PBXVariantGroup section */
		C433517120B79E7400B32EB1 /* Main.storyboard */ = {
			isa = PBXVariantGroup;
			children = (
				C433517220B79E7400B32EB1 /* Base */,
			);
			name = Main.storyboard;
			sourceTree = "<group>";
		};
		C433517920B79E7500B32EB1 /* LaunchScreen.storyboard */ = {
			isa = PBXVariantGroup;
			children = (
				C433517A20B79E7500B32EB1 /* Base */,
			);
			name = LaunchScreen.storyboard;
			sourceTree = "<group>";
		};
/* End PBXVariantGroup section */

/* Begin XCBuildConfiguration section */
		C433517D20B79E7500B32EB1 /* Debug */ = {
			isa = XCBuildConfiguration;
			buildSettings = {
				ALWAYS_SEARCH_USER_PATHS = NO;
				CLANG_ANALYZER_NONNULL = YES;
				CLANG_ANALYZER_NUMBER_OBJECT_CONVERSION = YES_AGGRESSIVE;
				CLANG_CXX_LANGUAGE_STANDARD = "gnu++14";
				CLANG_CXX_LIBRARY = "libc++";
				CLANG_ENABLE_MODULES = YES;
				CLANG_ENABLE_OBJC_ARC = YES;
				CLANG_ENABLE_OBJC_WEAK = YES;
				CLANG_WARN_BLOCK_CAPTURE_AUTORELEASING = YES;
				CLANG_WARN_BOOL_CONVERSION = YES;
				CLANG_WARN_COMMA = YES;
				CLANG_WARN_CONSTANT_CONVERSION = YES;
				CLANG_WARN_DEPRECATED_OBJC_IMPLEMENTATIONS = YES;
				CLANG_WARN_DIRECT_OBJC_ISA_USAGE = YES_ERROR;
				CLANG_WARN_DOCUMENTATION_COMMENTS = YES;
				CLANG_WARN_EMPTY_BODY = YES;
				CLANG_WARN_ENUM_CONVERSION = YES;
				CLANG_WARN_INFINITE_RECURSION = YES;
				CLANG_WARN_INT_CONVERSION = YES;
				CLANG_WARN_NON_LITERAL_NULL_CONVERSION = YES;
				CLANG_WARN_OBJC_IMPLICIT_RETAIN_SELF = YES;
				CLANG_WARN_OBJC_LITERAL_CONVERSION = YES;
				CLANG_WARN_OBJC_ROOT_CLASS = YES_ERROR;
				CLANG_WARN_RANGE_LOOP_ANALYSIS = YES;
				CLANG_WARN_STRICT_PROTOTYPES = YES;
				CLANG_WARN_SUSPICIOUS_MOVE = YES;
				CLANG_WARN_UNGUARDED_AVAILABILITY = YES_AGGRESSIVE;
				CLANG_WARN_UNREACHABLE_CODE = YES;
				CLANG_WARN__DUPLICATE_METHOD_MATCH = YES;
				CODE_SIGN_IDENTITY = "iPhone Developer";
				COPY_PHASE_STRIP = NO;
				DEBUG_INFORMATION_FORMAT = dwarf;
				ENABLE_STRICT_OBJC_MSGSEND = YES;
				ENABLE_TESTABILITY = YES;
				GCC_C_LANGUAGE_STANDARD = gnu11;
				GCC_DYNAMIC_NO_PIC = NO;
				GCC_NO_COMMON_BLOCKS = YES;
				GCC_OPTIMIZATION_LEVEL = 0;
				GCC_PREPROCESSOR_DEFINITIONS = (
					"DEBUG=1",
					"$(inherited)",
				);
				GCC_WARN_64_TO_32_BIT_CONVERSION = YES;
				GCC_WARN_ABOUT_RETURN_TYPE = YES_ERROR;
				GCC_WARN_UNDECLARED_SELECTOR = YES;
				GCC_WARN_UNINITIALIZED_AUTOS = YES_AGGRESSIVE;
				GCC_WARN_UNUSED_FUNCTION = YES;
				GCC_WARN_UNUSED_VARIABLE = YES;
				IPHONEOS_DEPLOYMENT_TARGET = 11.3;
				MTL_ENABLE_DEBUG_INFO = YES;
				ONLY_ACTIVE_ARCH = YES;
				SDKROOT = iphoneos;
				SWIFT_ACTIVE_COMPILATION_CONDITIONS = DEBUG;
				SWIFT_OPTIMIZATION_LEVEL = "-Onone";
			};
			name = Debug;
		};
		C433517E20B79E7500B32EB1 /* Release */ = {
			isa = XCBuildConfiguration;
			buildSettings = {
				ALWAYS_SEARCH_USER_PATHS = NO;
				CLANG_ANALYZER_NONNULL = YES;
				CLANG_ANALYZER_NUMBER_OBJECT_CONVERSION = YES_AGGRESSIVE;
				CLANG_CXX_LANGUAGE_STANDARD = "gnu++14";
				CLANG_CXX_LIBRARY = "libc++";
				CLANG_ENABLE_MODULES = YES;
				CLANG_ENABLE_OBJC_ARC = YES;
				CLANG_ENABLE_OBJC_WEAK = YES;
				CLANG_WARN_BLOCK_CAPTURE_AUTORELEASING = YES;
				CLANG_WARN_BOOL_CONVERSION = YES;
				CLANG_WARN_COMMA = YES;
				CLANG_WARN_CONSTANT_CONVERSION = YES;
				CLANG_WARN_DEPRECATED_OBJC_IMPLEMENTATIONS = YES;
				CLANG_WARN_DIRECT_OBJC_ISA_USAGE = YES_ERROR;
				CLANG_WARN_DOCUMENTATION_COMMENTS = YES;
				CLANG_WARN_EMPTY_BODY = YES;
				CLANG_WARN_ENUM_CONVERSION = YES;
				CLANG_WARN_INFINITE_RECURSION = YES;
				CLANG_WARN_INT_CONVERSION = YES;
				CLANG_WARN_NON_LITERAL_NULL_CONVERSION = YES;
				CLANG_WARN_OBJC_IMPLICIT_RETAIN_SELF = YES;
				CLANG_WARN_OBJC_LITERAL_CONVERSION = YES;
				CLANG_WARN_OBJC_ROOT_CLASS = YES_ERROR;
				CLANG_WARN_RANGE_LOOP_ANALYSIS = YES;
				CLANG_WARN_STRICT_PROTOTYPES = YES;
				CLANG_WARN_SUSPICIOUS_MOVE = YES;
				CLANG_WARN_UNGUARDED_AVAILABILITY = YES_AGGRESSIVE;
				CLANG_WARN_UNREACHABLE_CODE = YES;
				CLANG_WARN__DUPLICATE_METHOD_MATCH = YES;
				CODE_SIGN_IDENTITY = "iPhone Developer";
				COPY_PHASE_STRIP = NO;
				DEBUG_INFORMATION_FORMAT = "dwarf-with-dsym";
				ENABLE_NS_ASSERTIONS = NO;
				ENABLE_STRICT_OBJC_MSGSEND = YES;
				GCC_C_LANGUAGE_STANDARD = gnu11;
				GCC_NO_COMMON_BLOCKS = YES;
				GCC_WARN_64_TO_32_BIT_CONVERSION = YES;
				GCC_WARN_ABOUT_RETURN_TYPE = YES_ERROR;
				GCC_WARN_UNDECLARED_SELECTOR = YES;
				GCC_WARN_UNINITIALIZED_AUTOS = YES_AGGRESSIVE;
				GCC_WARN_UNUSED_FUNCTION = YES;
				GCC_WARN_UNUSED_VARIABLE = YES;
				IPHONEOS_DEPLOYMENT_TARGET = 11.3;
				MTL_ENABLE_DEBUG_INFO = NO;
				SDKROOT = iphoneos;
				SWIFT_COMPILATION_MODE = wholemodule;
				SWIFT_OPTIMIZATION_LEVEL = "-O";
				VALIDATE_PRODUCT = YES;
			};
			name = Release;
		};
		C433518020B79E7500B32EB1 /* Debug */ = {
			isa = XCBuildConfiguration;
			baseConfigurationReference = A0A9D1475D8AEB91EFAF4C17 /* Pods-Kakao&iTunes.debug.xcconfig */;
			buildSettings = {
				ASSETCATALOG_COMPILER_APPICON_NAME = AppIcon;
				CODE_SIGN_STYLE = Automatic;
				DEVELOPMENT_TEAM = G3F27QB3QE;
				INFOPLIST_FILE = "Kakao&iTunes/Info.plist";
				IPHONEOS_DEPLOYMENT_TARGET = 11;
				LD_RUNPATH_SEARCH_PATHS = (
					"$(inherited)",
					"@executable_path/Frameworks",
				);
				PRODUCT_BUNDLE_IDENTIFIER = "com.nomadconnection.Kakao-iTunes";
				PRODUCT_NAME = "$(TARGET_NAME)";
				SWIFT_VERSION = 4.0;
				TARGETED_DEVICE_FAMILY = 1;
			};
			name = Debug;
		};
		C433518120B79E7500B32EB1 /* Release */ = {
			isa = XCBuildConfiguration;
			baseConfigurationReference = BCEAF06E18895EC2568D1E08 /* Pods-Kakao&iTunes.release.xcconfig */;
			buildSettings = {
				ASSETCATALOG_COMPILER_APPICON_NAME = AppIcon;
				CODE_SIGN_STYLE = Automatic;
				DEVELOPMENT_TEAM = G3F27QB3QE;
				INFOPLIST_FILE = "Kakao&iTunes/Info.plist";
				IPHONEOS_DEPLOYMENT_TARGET = 11;
				LD_RUNPATH_SEARCH_PATHS = (
					"$(inherited)",
					"@executable_path/Frameworks",
				);
				PRODUCT_BUNDLE_IDENTIFIER = "com.nomadconnection.Kakao-iTunes";
				PRODUCT_NAME = "$(TARGET_NAME)";
				SWIFT_VERSION = 4.0;
				TARGETED_DEVICE_FAMILY = 1;
			};
			name = Release;
		};
/* End XCBuildConfiguration section */

/* Begin XCConfigurationList section */
		C433516520B79E7400B32EB1 /* Build configuration list for PBXProject "Kakao&iTunes" */ = {
			isa = XCConfigurationList;
			buildConfigurations = (
				C433517D20B79E7500B32EB1 /* Debug */,
				C433517E20B79E7500B32EB1 /* Release */,
			);
			defaultConfigurationIsVisible = 0;
			defaultConfigurationName = Release;
		};
		C433517F20B79E7500B32EB1 /* Build configuration list for PBXNativeTarget "Kakao&iTunes" */ = {
			isa = XCConfigurationList;
			buildConfigurations = (
				C433518020B79E7500B32EB1 /* Debug */,
				C433518120B79E7500B32EB1 /* Release */,
			);
			defaultConfigurationIsVisible = 0;
			defaultConfigurationName = Release;
		};
/* End XCConfigurationList section */

/* Begin XCVersionGroup section */
		C433517420B79E7400B32EB1 /* Kakao_iTunes.xcdatamodeld */ = {
			isa = XCVersionGroup;
			children = (
				C433517520B79E7400B32EB1 /* Kakao_iTunes.xcdatamodel */,
			);
			currentVersion = C433517520B79E7400B32EB1 /* Kakao_iTunes.xcdatamodel */;
			path = Kakao_iTunes.xcdatamodeld;
			sourceTree = "<group>";
			versionGroupType = wrapper.xcdatamodel;
		};
/* End XCVersionGroup section */
	};
	rootObject = C433516220B79E7400B32EB1 /* Project object */;
}
